
Microsoft Visual Studio Solution File, Format Version 12.00
# Visual Studio 15
VisualStudioVersion = 15.0.26730.3
MinimumVisualStudioVersion = 10.0.40219.1
Project("{FAE04EC0-301F-11D3-BF4B-00C04F79EFBC}") = "CybellesCykler", "CybellesCykler\CybellesCykler.csproj", "{8A178F4F-41CD-4561-B211-6B6672F64FE1}"
EndProject
Project("{FAE04EC0-301F-11D3-BF4B-00C04F79EFBC}") = "Entities", "Entities\Entities.csproj", "{F748AA24-D01C-4B1D-8B30-C9516E51984C}"
EndProject
Project("{FAE04EC0-301F-11D3-BF4B-00C04F79EFBC}") = "Services", "Services\Services.csproj", "{8C4224F8-64F7-4CDB-912C-BC15536DBE0E}"
EndProject
Project("{FAE04EC0-301F-11D3-BF4B-00C04F79EFBC}") = "DataAccess", "DataAccess\DataAccess.csproj", "{ED644B49-9914-42BB-9CD4-21ACAB681FB8}"
EndProject
Project("{FAE04EC0-301F-11D3-BF4B-00C04F79EFBC}") = "Business", "Business\Business.csproj", "{0DC6B1C1-7C5F-44D0-8B76-783AAB909EF5}"
EndProject
Global
	GlobalSection(SolutionConfigurationPlatforms) = preSolution
		Debug|Any CPU = Debug|Any CPU
		Release|Any CPU = Release|Any CPU
	EndGlobalSection
	GlobalSection(ProjectConfigurationPlatforms) = postSolution
		{8A178F4F-41CD-4561-B211-6B6672F64FE1}.Debug|Any CPU.ActiveCfg = Debug|Any CPU
		{8A178F4F-41CD-4561-B211-6B6672F64FE1}.Debug|Any CPU.Build.0 = Debug|Any CPU
		{8A178F4F-41CD-4561-B211-6B6672F64FE1}.Release|Any CPU.ActiveCfg = Release|Any CPU
		{8A178F4F-41CD-4561-B211-6B6672F64FE1}.Release|Any CPU.Build.0 = Release|Any CPU
		{F748AA24-D01C-4B1D-8B30-C9516E51984C}.Debug|Any CPU.ActiveCfg = Debug|Any CPU
		{F748AA24-D01C-4B1D-8B30-C9516E51984C}.Debug|Any CPU.Build.0 = Debug|Any CPU
		{F748AA24-D01C-4B1D-8B30-C9516E51984C}.Release|Any CPU.ActiveCfg = Release|Any CPU
		{F748AA24-D01C-4B1D-8B30-C9516E51984C}.Release|Any CPU.Build.0 = Release|Any CPU
		{8C4224F8-64F7-4CDB-912C-BC15536DBE0E}.Debug|Any CPU.ActiveCfg = Debug|Any CPU
		{8C4224F8-64F7-4CDB-912C-BC15536DBE0E}.Debug|Any CPU.Build.0 = Debug|Any CPU
		{8C4224F8-64F7-4CDB-912C-BC15536DBE0E}.Release|Any CPU.ActiveCfg = Release|Any CPU
		{8C4224F8-64F7-4CDB-912C-BC15536DBE0E}.Release|Any CPU.Build.0 = Release|Any CPU
		{ED644B49-9914-42BB-9CD4-21ACAB681FB8}.Debug|Any CPU.ActiveCfg = Debug|Any CPU
		{ED644B49-9914-42BB-9CD4-21ACAB681FB8}.Debug|Any CPU.Build.0 = Debug|Any CPU
		{ED644B49-9914-42BB-9CD4-21ACAB681FB8}.Release|Any CPU.ActiveCfg = Release|Any CPU
		{ED644B49-9914-42BB-9CD4-21ACAB681FB8}.Release|Any CPU.Build.0 = Release|Any CPU
		{0DC6B1C1-7C5F-44D0-8B76-783AAB909EF5}.Debug|Any CPU.ActiveCfg = Debug|Any CPU
		{0DC6B1C1-7C5F-44D0-8B76-783AAB909EF5}.Debug|Any CPU.Build.0 = Debug|Any CPU
		{0DC6B1C1-7C5F-44D0-8B76-783AAB909EF5}.Release|Any CPU.ActiveCfg = Release|Any CPU
		{0DC6B1C1-7C5F-44D0-8B76-783AAB909EF5}.Release|Any CPU.Build.0 = Release|Any CPU
	EndGlobalSection
	GlobalSection(SolutionProperties) = preSolution
		HideSolutionNode = FALSE
	EndGlobalSection
	GlobalSection(ExtensibilityGlobals) = postSolution
		SolutionGuid = {926BD274-6837-45A8-BB36-65E8AB97C143}
	EndGlobalSection
EndGlobal
